
Microsoft Visual Studio Solution File, Format Version 12.00
# Visual Studio Version 16
VisualStudioVersion = 16.0.28721.148
MinimumVisualStudioVersion = 10.0.40219.1
Project("{FAE04EC0-301F-11D3-BF4B-00C04F79EFBC}") = "SamuraiApp.Data", "..\SamuraiApp.Data\SamuraiApp.Data.csproj", "{7854B53F-3645-450F-8D63-C155B453C11F}"
EndProject
Project("{FAE04EC0-301F-11D3-BF4B-00C04F79EFBC}") = "SamuraiApp.Domain", "..\SamuraiApp.Domain\SamuraiApp.Domain.csproj", "{B19C0BE6-D4FA-4C7D-91E1-623B23160870}"
EndProject
Project("{FAE04EC0-301F-11D3-BF4B-00C04F79EFBC}") = "Tests", "..\Tests\Tests.csproj", "{182C1926-5806-442C-AAAB-E79170165762}"
EndProject
Project("{FAE04EC0-301F-11D3-BF4B-00C04F79EFBC}") = "SomeUI", "SomeUI\SomeUI.csproj", "{1B69A312-6CC4-4316-8A19-104914E3FDA0}"
EndProject
Global
	GlobalSection(SolutionConfigurationPlatforms) = preSolution
		Debug|Any CPU = Debug|Any CPU
		Release|Any CPU = Release|Any CPU
	EndGlobalSection
	GlobalSection(ProjectConfigurationPlatforms) = postSolution
		{7854B53F-3645-450F-8D63-C155B453C11F}.Debug|Any CPU.ActiveCfg = Debug|Any CPU
		{7854B53F-3645-450F-8D63-C155B453C11F}.Debug|Any CPU.Build.0 = Debug|Any CPU
		{7854B53F-3645-450F-8D63-C155B453C11F}.Release|Any CPU.ActiveCfg = Release|Any CPU
		{7854B53F-3645-450F-8D63-C155B453C11F}.Release|Any CPU.Build.0 = Release|Any CPU
		{B19C0BE6-D4FA-4C7D-91E1-623B23160870}.Debug|Any CPU.ActiveCfg = Debug|Any CPU
		{B19C0BE6-D4FA-4C7D-91E1-623B23160870}.Debug|Any CPU.Build.0 = Debug|Any CPU
		{B19C0BE6-D4FA-4C7D-91E1-623B23160870}.Release|Any CPU.ActiveCfg = Release|Any CPU
		{B19C0BE6-D4FA-4C7D-91E1-623B23160870}.Release|Any CPU.Build.0 = Release|Any CPU
		{182C1926-5806-442C-AAAB-E79170165762}.Debug|Any CPU.ActiveCfg = Debug|Any CPU
		{182C1926-5806-442C-AAAB-E79170165762}.Debug|Any CPU.Build.0 = Debug|Any CPU
		{182C1926-5806-442C-AAAB-E79170165762}.Release|Any CPU.ActiveCfg = Release|Any CPU
		{182C1926-5806-442C-AAAB-E79170165762}.Release|Any CPU.Build.0 = Release|Any CPU
		{1B69A312-6CC4-4316-8A19-104914E3FDA0}.Debug|Any CPU.ActiveCfg = Debug|Any CPU
		{1B69A312-6CC4-4316-8A19-104914E3FDA0}.Debug|Any CPU.Build.0 = Debug|Any CPU
		{1B69A312-6CC4-4316-8A19-104914E3FDA0}.Release|Any CPU.ActiveCfg = Release|Any CPU
		{1B69A312-6CC4-4316-8A19-104914E3FDA0}.Release|Any CPU.Build.0 = Release|Any CPU
	EndGlobalSection
	GlobalSection(SolutionProperties) = preSolution
		HideSolutionNode = FALSE
	EndGlobalSection
	GlobalSection(ExtensibilityGlobals) = postSolution
		SolutionGuid = {D0797B01-7038-42DA-971F-B29D7D903F60}
	EndGlobalSection
EndGlobal
